// !$*UTF8*$!
{
	archiveVersion = 1;
	classes = {
	};
	objectVersion = 46;
	objects = {

/* Begin PBXBuildFile section */
		275582721A7590F1008F3C42 /* AppDelegate.swift in Sources */ = {isa = PBXBuildFile; fileRef = 275582711A7590F1008F3C42 /* AppDelegate.swift */; };
		275582761A7590F1008F3C42 /* MenuScene.swift in Sources */ = {isa = PBXBuildFile; fileRef = 275582751A7590F1008F3C42 /* MenuScene.swift */; };
		275582781A7590F1008F3C42 /* GameController.swift in Sources */ = {isa = PBXBuildFile; fileRef = 275582771A7590F1008F3C42 /* GameController.swift */; };
		2755827B1A7590F1008F3C42 /* Main.storyboard in Resources */ = {isa = PBXBuildFile; fileRef = 275582791A7590F1008F3C42 /* Main.storyboard */; };
		2755827D1A7590F1008F3C42 /* Images.xcassets in Resources */ = {isa = PBXBuildFile; fileRef = 2755827C1A7590F1008F3C42 /* Images.xcassets */; };
		275582801A7590F1008F3C42 /* LaunchScreen.xib in Resources */ = {isa = PBXBuildFile; fileRef = 2755827E1A7590F1008F3C42 /* LaunchScreen.xib */; };
		2755828C1A7590F1008F3C42 /* SpriteKitCircleTests.swift in Sources */ = {isa = PBXBuildFile; fileRef = 2755828B1A7590F1008F3C42 /* SpriteKitCircleTests.swift */; };
		275582961A759DAA008F3C42 /* GameScene.swift in Sources */ = {isa = PBXBuildFile; fileRef = 275582951A759DAA008F3C42 /* GameScene.swift */; };
/* End PBXBuildFile section */

/* Begin PBXContainerItemProxy section */
		275582861A7590F1008F3C42 /* PBXContainerItemProxy */ = {
			isa = PBXContainerItemProxy;
			containerPortal = 275582641A7590F1008F3C42 /* Project object */;
			proxyType = 1;
			remoteGlobalIDString = 2755826B1A7590F1008F3C42;
			remoteInfo = SpriteKitCircle;
		};
/* End PBXContainerItemProxy section */

/* Begin PBXFileReference section */
		2755826C1A7590F1008F3C42 /* SpriteKitCircle.app */ = {isa = PBXFileReference; explicitFileType = wrapper.application; includeInIndex = 0; path = SpriteKitCircle.app; sourceTree = BUILT_PRODUCTS_DIR; };
		275582701A7590F1008F3C42 /* Info.plist */ = {isa = PBXFileReference; lastKnownFileType = text.plist.xml; path = Info.plist; sourceTree = "<group>"; };
		275582711A7590F1008F3C42 /* AppDelegate.swift */ = {isa = PBXFileReference; lastKnownFileType = sourcecode.swift; path = AppDelegate.swift; sourceTree = "<group>"; };
		275582751A7590F1008F3C42 /* MenuScene.swift */ = {isa = PBXFileReference; lastKnownFileType = sourcecode.swift; path = MenuScene.swift; sourceTree = "<group>"; };
		275582771A7590F1008F3C42 /* GameController.swift */ = {isa = PBXFileReference; lastKnownFileType = sourcecode.swift; path = GameController.swift; sourceTree = "<group>"; };
		2755827A1A7590F1008F3C42 /* Base */ = {isa = PBXFileReference; lastKnownFileType = file.storyboard; name = Base; path = Base.lproj/Main.storyboard; sourceTree = "<group>"; };
		2755827C1A7590F1008F3C42 /* Images.xcassets */ = {isa = PBXFileReference; lastKnownFileType = folder.assetcatalog; path = Images.xcassets; sourceTree = "<group>"; };
		2755827F1A7590F1008F3C42 /* Base */ = {isa = PBXFileReference; lastKnownFileType = file.xib; name = Base; path = Base.lproj/LaunchScreen.xib; sourceTree = "<group>"; };
		275582851A7590F1008F3C42 /* SpriteKitCircleTests.xctest */ = {isa = PBXFileReference; explicitFileType = wrapper.cfbundle; includeInIndex = 0; path = SpriteKitCircleTests.xctest; sourceTree = BUILT_PRODUCTS_DIR; };
		2755828A1A7590F1008F3C42 /* Info.plist */ = {isa = PBXFileReference; lastKnownFileType = text.plist.xml; path = Info.plist; sourceTree = "<group>"; };
		2755828B1A7590F1008F3C42 /* SpriteKitCircleTests.swift */ = {isa = PBXFileReference; lastKnownFileType = sourcecode.swift; path = SpriteKitCircleTests.swift; sourceTree = "<group>"; };
		275582951A759DAA008F3C42 /* GameScene.swift */ = {isa = PBXFileReference; fileEncoding = 4; lastKnownFileType = sourcecode.swift; path = GameScene.swift; sourceTree = "<group>"; };
/* End PBXFileReference section */

/* Begin PBXFrameworksBuildPhase section */
		275582691A7590F1008F3C42 /* Frameworks */ = {
			isa = PBXFrameworksBuildPhase;
			buildActionMask = 2147483647;
			files = (
			);
			runOnlyForDeploymentPostprocessing = 0;
		};
		275582821A7590F1008F3C42 /* Frameworks */ = {
			isa = PBXFrameworksBuildPhase;
			buildActionMask = 2147483647;
			files = (
			);
			runOnlyForDeploymentPostprocessing = 0;
		};
/* End PBXFrameworksBuildPhase section */

/* Begin PBXGroup section */
		275582631A7590F1008F3C42 = {
			isa = PBXGroup;
			children = (
				2755826E1A7590F1008F3C42 /* SpriteKitCircle */,
				275582881A7590F1008F3C42 /* SpriteKitCircleTests */,
				2755826D1A7590F1008F3C42 /* Products */,
			);
			sourceTree = "<group>";
		};
		2755826D1A7590F1008F3C42 /* Products */ = {
			isa = PBXGroup;
			children = (
				2755826C1A7590F1008F3C42 /* SpriteKitCircle.app */,
				275582851A7590F1008F3C42 /* SpriteKitCircleTests.xctest */,
			);
			name = Products;
			sourceTree = "<group>";
		};
		2755826E1A7590F1008F3C42 /* SpriteKitCircle */ = {
			isa = PBXGroup;
			children = (
				275582711A7590F1008F3C42 /* AppDelegate.swift */,
				275582771A7590F1008F3C42 /* GameController.swift */,
				275582751A7590F1008F3C42 /* MenuScene.swift */,
				275582951A759DAA008F3C42 /* GameScene.swift */,
				275582791A7590F1008F3C42 /* Main.storyboard */,
				2755827C1A7590F1008F3C42 /* Images.xcassets */,
				2755827E1A7590F1008F3C42 /* LaunchScreen.xib */,
				2755826F1A7590F1008F3C42 /* Supporting Files */,
			);
			path = SpriteKitCircle;
			sourceTree = "<group>";
		};
		2755826F1A7590F1008F3C42 /* Supporting Files */ = {
			isa = PBXGroup;
			children = (
				275582701A7590F1008F3C42 /* Info.plist */,
			);
			name = "Supporting Files";
			sourceTree = "<group>";
		};
		275582881A7590F1008F3C42 /* SpriteKitCircleTests */ = {
			isa = PBXGroup;
			children = (
				2755828B1A7590F1008F3C42 /* SpriteKitCircleTests.swift */,
				275582891A7590F1008F3C42 /* Supporting Files */,
			);
			path = SpriteKitCircleTests;
			sourceTree = "<group>";
		};
		275582891A7590F1008F3C42 /* Supporting Files */ = {
			isa = PBXGroup;
			children = (
				2755828A1A7590F1008F3C42 /* Info.plist */,
			);
			name = "Supporting Files";
			sourceTree = "<group>";
		};
/* End PBXGroup section */

/* Begin PBXNativeTarget section */
		2755826B1A7590F1008F3C42 /* SpriteKitCircle */ = {
			isa = PBXNativeTarget;
			buildConfigurationList = 2755828F1A7590F1008F3C42 /* Build configuration list for PBXNativeTarget "SpriteKitCircle" */;
			buildPhases = (
				275582681A7590F1008F3C42 /* Sources */,
				275582691A7590F1008F3C42 /* Frameworks */,
				2755826A1A7590F1008F3C42 /* Resources */,
			);
			buildRules = (
			);
			dependencies = (
			);
			name = SpriteKitCircle;
			productName = SpriteKitCircle;
			productReference = 2755826C1A7590F1008F3C42 /* SpriteKitCircle.app */;
			productType = "com.apple.product-type.application";
		};
		275582841A7590F1008F3C42 /* SpriteKitCircleTests */ = {
			isa = PBXNativeTarget;
			buildConfigurationList = 275582921A7590F1008F3C42 /* Build configuration list for PBXNativeTarget "SpriteKitCircleTests" */;
			buildPhases = (
				275582811A7590F1008F3C42 /* Sources */,
				275582821A7590F1008F3C42 /* Frameworks */,
				275582831A7590F1008F3C42 /* Resources */,
			);
			buildRules = (
			);
			dependencies = (
				275582871A7590F1008F3C42 /* PBXTargetDependency */,
			);
			name = SpriteKitCircleTests;
			productName = SpriteKitCircleTests;
			productReference = 275582851A7590F1008F3C42 /* SpriteKitCircleTests.xctest */;
			productType = "com.apple.product-type.bundle.unit-test";
		};
/* End PBXNativeTarget section */

/* Begin PBXProject section */
		275582641A7590F1008F3C42 /* Project object */ = {
			isa = PBXProject;
			attributes = {
				LastUpgradeCheck = 0610;
				ORGANIZATIONNAME = "Michael Dvorkin";
				TargetAttributes = {
					2755826B1A7590F1008F3C42 = {
						CreatedOnToolsVersion = 6.1.1;
					};
					275582841A7590F1008F3C42 = {
						CreatedOnToolsVersion = 6.1.1;
						TestTargetID = 2755826B1A7590F1008F3C42;
					};
				};
			};
			buildConfigurationList = 275582671A7590F1008F3C42 /* Build configuration list for PBXProject "SpriteKitCircle" */;
			compatibilityVersion = "Xcode 3.2";
			developmentRegion = English;
			hasScannedForEncodings = 0;
			knownRegions = (
				en,
				Base,
			);
			mainGroup = 275582631A7590F1008F3C42;
			productRefGroup = 2755826D1A7590F1008F3C42 /* Products */;
			projectDirPath = "";
			projectRoot = "";
			targets = (
				2755826B1A7590F1008F3C42 /* SpriteKitCircle */,
				275582841A7590F1008F3C42 /* SpriteKitCircleTests */,
			);
		};
/* End PBXProject section */

/* Begin PBXResourcesBuildPhase section */
		2755826A1A7590F1008F3C42 /* Resources */ = {
			isa = PBXResourcesBuildPhase;
			buildActionMask = 2147483647;
			files = (
				275582801A7590F1008F3C42 /* LaunchScreen.xib in Resources */,
				2755827D1A7590F1008F3C42 /* Images.xcassets in Resources */,
				2755827B1A7590F1008F3C42 /* Main.storyboard in Resources */,
			);
			runOnlyForDeploymentPostprocessing = 0;
		};
		275582831A7590F1008F3C42 /* Resources */ = {
			isa = PBXResourcesBuildPhase;
			buildActionMask = 2147483647;
			files = (
			);
			runOnlyForDeploymentPostprocessing = 0;
		};
/* End PBXResourcesBuildPhase section */

/* Begin PBXSourcesBuildPhase section */
		275582681A7590F1008F3C42 /* Sources */ = {
			isa = PBXSourcesBuildPhase;
			buildActionMask = 2147483647;
			files = (
				275582761A7590F1008F3C42 /* MenuScene.swift in Sources */,
				275582781A7590F1008F3C42 /* GameController.swift in Sources */,
				275582961A759DAA008F3C42 /* GameScene.swift in Sources */,
				275582721A7590F1008F3C42 /* AppDelegate.swift in Sources */,
			);
			runOnlyForDeploymentPostprocessing = 0;
		};
		275582811A7590F1008F3C42 /* Sources */ = {
			isa = PBXSourcesBuildPhase;
			buildActionMask = 2147483647;
			files = (
				2755828C1A7590F1008F3C42 /* SpriteKitCircleTests.swift in Sources */,
			);
			runOnlyForDeploymentPostprocessing = 0;
		};
/* End PBXSourcesBuildPhase section */

/* Begin PBXTargetDependency section */
		275582871A7590F1008F3C42 /* PBXTargetDependency */ = {
			isa = PBXTargetDependency;
			target = 2755826B1A7590F1008F3C42 /* SpriteKitCircle */;
			targetProxy = 275582861A7590F1008F3C42 /* PBXContainerItemProxy */;
		};
/* End PBXTargetDependency section */

/* Begin PBXVariantGroup section */
		275582791A7590F1008F3C42 /* Main.storyboard */ = {
			isa = PBXVariantGroup;
			children = (
				2755827A1A7590F1008F3C42 /* Base */,
			);
			name = Main.storyboard;
			sourceTree = "<group>";
		};
		2755827E1A7590F1008F3C42 /* LaunchScreen.xib */ = {
			isa = PBXVariantGroup;
			children = (
				2755827F1A7590F1008F3C42 /* Base */,
			);
			name = LaunchScreen.xib;
			sourceTree = "<group>";
		};
/* End PBXVariantGroup section */

/* Begin XCBuildConfiguration section */
		2755828D1A7590F1008F3C42 /* Debug */ = {
			isa = XCBuildConfiguration;
			buildSettings = {
				ALWAYS_SEARCH_USER_PATHS = NO;
				CLANG_CXX_LANGUAGE_STANDARD = "gnu++0x";
				CLANG_CXX_LIBRARY = "libc++";
				CLANG_ENABLE_MODULES = YES;
				CLANG_ENABLE_OBJC_ARC = YES;
				CLANG_WARN_BOOL_CONVERSION = YES;
				CLANG_WARN_CONSTANT_CONVERSION = YES;
				CLANG_WARN_DIRECT_OBJC_ISA_USAGE = YES_ERROR;
				CLANG_WARN_EMPTY_BODY = YES;
				CLANG_WARN_ENUM_CONVERSION = YES;
				CLANG_WARN_INT_CONVERSION = YES;
				CLANG_WARN_OBJC_ROOT_CLASS = YES_ERROR;
				CLANG_WARN_UNREACHABLE_CODE = YES;
				CLANG_WARN__DUPLICATE_METHOD_MATCH = YES;
				"CODE_SIGN_IDENTITY[sdk=iphoneos*]" = "iPhone Developer";
				COPY_PHASE_STRIP = NO;
				ENABLE_STRICT_OBJC_MSGSEND = YES;
				GCC_C_LANGUAGE_STANDARD = gnu99;
				GCC_DYNAMIC_NO_PIC = NO;
				GCC_OPTIMIZATION_LEVEL = 0;
				GCC_PREPROCESSOR_DEFINITIONS = (
					"DEBUG=1",
					"$(inherited)",
				);
				GCC_SYMBOLS_PRIVATE_EXTERN = NO;
				GCC_WARN_64_TO_32_BIT_CONVERSION = YES;
				GCC_WARN_ABOUT_RETURN_TYPE = YES_ERROR;
				GCC_WARN_UNDECLARED_SELECTOR = YES;
				GCC_WARN_UNINITIALIZED_AUTOS = YES_AGGRESSIVE;
				GCC_WARN_UNUSED_FUNCTION = YES;
				GCC_WARN_UNUSED_VARIABLE = YES;
				IPHONEOS_DEPLOYMENT_TARGET = 8.1;
				MTL_ENABLE_DEBUG_INFO = YES;
				ONLY_ACTIVE_ARCH = YES;
				SDKROOT = iphoneos;
				SWIFT_OPTIMIZATION_LEVEL = "-Onone";
			};
			name = Debug;
		};
		2755828E1A7590F1008F3C42 /* Release */ = {
			isa = XCBuildConfiguration;
			buildSettings = {
				ALWAYS_SEARCH_USER_PATHS = NO;
				CLANG_CXX_LANGUAGE_STANDARD = "gnu++0x";
				CLANG_CXX_LIBRARY = "libc++";
				CLANG_ENABLE_MODULES = YES;
				CLANG_ENABLE_OBJC_ARC = YES;
				CLANG_WARN_BOOL_CONVERSION = YES;
				CLANG_WARN_CONSTANT_CONVERSION = YES;
				CLANG_WARN_DIRECT_OBJC_ISA_USAGE = YES_ERROR;
				CLANG_WARN_EMPTY_BODY = YES;
				CLANG_WARN_ENUM_CONVERSION = YES;
				CLANG_WARN_INT_CONVERSION = YES;
				CLANG_WARN_OBJC_ROOT_CLASS = YES_ERROR;
				CLANG_WARN_UNREACHABLE_CODE = YES;
				CLANG_WARN__DUPLICATE_METHOD_MATCH = YES;
				"CODE_SIGN_IDENTITY[sdk=iphoneos*]" = "iPhone Developer";
				COPY_PHASE_STRIP = YES;
				ENABLE_NS_ASSERTIONS = NO;
				ENABLE_STRICT_OBJC_MSGSEND = YES;
				GCC_C_LANGUAGE_STANDARD = gnu99;
				GCC_WARN_64_TO_32_BIT_CONVERSION = YES;
				GCC_WARN_ABOUT_RETURN_TYPE = YES_ERROR;
				GCC_WARN_UNDECLARED_SELECTOR = YES;
				GCC_WARN_UNINITIALIZED_AUTOS = YES_AGGRESSIVE;
				GCC_WARN_UNUSED_FUNCTION = YES;
				GCC_WARN_UNUSED_VARIABLE = YES;
				IPHONEOS_DEPLOYMENT_TARGET = 8.1;
				MTL_ENABLE_DEBUG_INFO = NO;
				SDKROOT = iphoneos;
				VALIDATE_PRODUCT = YES;
			};
			name = Release;
		};
		275582901A7590F1008F3C42 /* Debug */ = {
			isa = XCBuildConfiguration;
			buildSettings = {
				ASSETCATALOG_COMPILER_APPICON_NAME = AppIcon;
				INFOPLIST_FILE = SpriteKitCircle/Info.plist;
				LD_RUNPATH_SEARCH_PATHS = "$(inherited) @executable_path/Frameworks";
				PRODUCT_NAME = "$(TARGET_NAME)";
			};
			name = Debug;
		};
		275582911A7590F1008F3C42 /* Release */ = {
			isa = XCBuildConfiguration;
			buildSettings = {
				ASSETCATALOG_COMPILER_APPICON_NAME = AppIcon;
				INFOPLIST_FILE = SpriteKitCircle/Info.plist;
				LD_RUNPATH_SEARCH_PATHS = "$(inherited) @executable_path/Frameworks";
				PRODUCT_NAME = "$(TARGET_NAME)";
			};
			name = Release;
		};
		275582931A7590F1008F3C42 /* Debug */ = {
			isa = XCBuildConfiguration;
			buildSettings = {
				BUNDLE_LOADER = "$(TEST_HOST)";
				FRAMEWORK_SEARCH_PATHS = (
					"$(SDKROOT)/Developer/Library/Frameworks",
					"$(inherited)",
				);
				GCC_PREPROCESSOR_DEFINITIONS = (
					"DEBUG=1",
					"$(inherited)",
				);
				INFOPLIST_FILE = SpriteKitCircleTests/Info.plist;
				LD_RUNPATH_SEARCH_PATHS = "$(inherited) @executable_path/Frameworks @loader_path/Frameworks";
				PRODUCT_NAME = "$(TARGET_NAME)";
				TEST_HOST = "$(BUILT_PRODUCTS_DIR)/SpriteKitCircle.app/SpriteKitCircle";
			};
			name = Debug;
		};
		275582941A7590F1008F3C42 /* Release */ = {
			isa = XCBuildConfiguration;
			buildSettings = {
				BUNDLE_LOADER = "$(TEST_HOST)";
				FRAMEWORK_SEARCH_PATHS = (
					"$(SDKROOT)/Developer/Library/Frameworks",
					"$(inherited)",
				);
				INFOPLIST_FILE = SpriteKitCircleTests/Info.plist;
				LD_RUNPATH_SEARCH_PATHS = "$(inherited) @executable_path/Frameworks @loader_path/Frameworks";
				PRODUCT_NAME = "$(TARGET_NAME)";
				TEST_HOST = "$(BUILT_PRODUCTS_DIR)/SpriteKitCircle.app/SpriteKitCircle";
			};
			name = Release;
		};
/* End XCBuildConfiguration section */

/* Begin XCConfigurationList section */
		275582671A7590F1008F3C42 /* Build configuration list for PBXProject "SpriteKitCircle" */ = {
			isa = XCConfigurationList;
			buildConfigurations = (
				2755828D1A7590F1008F3C42 /* Debug */,
				2755828E1A7590F1008F3C42 /* Release */,
			);
			defaultConfigurationIsVisible = 0;
			defaultConfigurationName = Release;
		};
		2755828F1A7590F1008F3C42 /* Build configuration list for PBXNativeTarget "SpriteKitCircle" */ = {
			isa = XCConfigurationList;
			buildConfigurations = (
				275582901A7590F1008F3C42 /* Debug */,
				275582911A7590F1008F3C42 /* Release */,
			);
			defaultConfigurationIsVisible = 0;
		};
		275582921A7590F1008F3C42 /* Build configuration list for PBXNativeTarget "SpriteKitCircleTests" */ = {
			isa = XCConfigurationList;
			buildConfigurations = (
				275582931A7590F1008F3C42 /* Debug */,
				275582941A7590F1008F3C42 /* Release */,
			);
			defaultConfigurationIsVisible = 0;
		};
/* End XCConfigurationList section */
	};
	rootObject = 275582641A7590F1008F3C42 /* Project object */;
}
